// !$*UTF8*$!
{
	archiveVersion = 1;
	classes = {
	};
	objectVersion = 56;
	objects = {

/* Begin PBXBuildFile section */
		1A094B2D2B4E024200D8E544 /* AppDelegate.swift in Sources */ = {isa = PBXBuildFile; fileRef = 1A094B2C2B4E024200D8E544 /* AppDelegate.swift */; };
		1A094B2F2B4E024200D8E544 /* SceneDelegate.swift in Sources */ = {isa = PBXBuildFile; fileRef = 1A094B2E2B4E024200D8E544 /* SceneDelegate.swift */; };
		1A094B312B4E024200D8E544 /* ScheduleViewController.swift in Sources */ = {isa = PBXBuildFile; fileRef = 1A094B302B4E024200D8E544 /* ScheduleViewController.swift */; };
		1A094B362B4E024400D8E544 /* Assets.xcassets in Resources */ = {isa = PBXBuildFile; fileRef = 1A094B352B4E024400D8E544 /* Assets.xcassets */; };
		1A094B392B4E024400D8E544 /* LaunchScreen.storyboard in Resources */ = {isa = PBXBuildFile; fileRef = 1A094B372B4E024400D8E544 /* LaunchScreen.storyboard */; };
		1A094B432B4F460400D8E544 /* TabBarViewController.swift in Sources */ = {isa = PBXBuildFile; fileRef = 1A094B422B4F460400D8E544 /* TabBarViewController.swift */; };
		1A094B482B4F504900D8E544 /* SettingsTableViewController.swift in Sources */ = {isa = PBXBuildFile; fileRef = 1A094B472B4F504900D8E544 /* SettingsTableViewController.swift */; };
		1A094B4F2B4F57EF00D8E544 /* SpecialtyTableViewCell.swift in Sources */ = {isa = PBXBuildFile; fileRef = 1A094B4E2B4F57EF00D8E544 /* SpecialtyTableViewCell.swift */; };
		1A094B512B4F598400D8E544 /* SelectiveTableViewCell.swift in Sources */ = {isa = PBXBuildFile; fileRef = 1A094B502B4F598400D8E544 /* SelectiveTableViewCell.swift */; };
		1A094B532B50611A00D8E544 /* SpecialtyViewController.swift in Sources */ = {isa = PBXBuildFile; fileRef = 1A094B522B50611A00D8E544 /* SpecialtyViewController.swift */; };
		1A14295A2BC83DCF00963CA9 /* schedule.json in Resources */ = {isa = PBXBuildFile; fileRef = 1A1429592BC83DCF00963CA9 /* schedule.json */; };
		1A14295C2BC8400700963CA9 /* LessonModel.swift in Sources */ = {isa = PBXBuildFile; fileRef = 1A14295B2BC8400700963CA9 /* LessonModel.swift */; };
		1A58BE3D2B5192C5009B6540 /* NormativeGroupTableViewCell.swift in Sources */ = {isa = PBXBuildFile; fileRef = 1A58BE3C2B5192C5009B6540 /* NormativeGroupTableViewCell.swift */; };
		1A58F34F2B50A72900F9C85F /* NormativeTableViewCell.swift in Sources */ = {isa = PBXBuildFile; fileRef = 1A58F34E2B50A72900F9C85F /* NormativeTableViewCell.swift */; };
		1A58F3512B50A7B300F9C85F /* NormativeTableViewController.swift in Sources */ = {isa = PBXBuildFile; fileRef = 1A58F3502B50A7B300F9C85F /* NormativeTableViewController.swift */; };
		1A58F3532B50A90300F9C85F /* CurrentSpecialtyViewController.swift in Sources */ = {isa = PBXBuildFile; fileRef = 1A58F3522B50A90300F9C85F /* CurrentSpecialtyViewController.swift */; };
		1A69D3E02BA3A0A300E548F6 /* subjects.json in Resources */ = {isa = PBXBuildFile; fileRef = 1A69D3DF2BA3A0A300E548F6 /* subjects.json */; };
		1A69D3E22BA5C9FE00E548F6 /* SubjectModel.swift in Sources */ = {isa = PBXBuildFile; fileRef = 1A69D3E12BA5C9FE00E548F6 /* SubjectModel.swift */; };
		1A69D3E42BA6E8DC00E548F6 /* ProfessionalTableViewCell.swift in Sources */ = {isa = PBXBuildFile; fileRef = 1A69D3E32BA6E8DC00E548F6 /* ProfessionalTableViewCell.swift */; };
		1A69D3E62BA6E99400E548F6 /* SelectionTableViewController.swift in Sources */ = {isa = PBXBuildFile; fileRef = 1A69D3E52BA6E99400E548F6 /* SelectionTableViewController.swift */; };
		1A69D3E82BA7152000E548F6 /* ProfessionalViewController.swift in Sources */ = {isa = PBXBuildFile; fileRef = 1A69D3E72BA7152000E548F6 /* ProfessionalViewController.swift */; };
		1A69D3EA2BA7454F00E548F6 /* SelectionViewController.swift in Sources */ = {isa = PBXBuildFile; fileRef = 1A69D3E92BA7454F00E548F6 /* SelectionViewController.swift */; };
		1A918F502BA8780500EEFE5D /* UIColorExtension.swift in Sources */ = {isa = PBXBuildFile; fileRef = 1A918F4F2BA8780500EEFE5D /* UIColorExtension.swift */; };
		1AA53F5C2B51A932006219B4 /* ProbaPro-Medium.ttf in Resources */ = {isa = PBXBuildFile; fileRef = 1AA53F5A2B51A932006219B4 /* ProbaPro-Medium.ttf */; };
		1AA53F5D2B51A932006219B4 /* ProbaPro-Bold.ttf in Resources */ = {isa = PBXBuildFile; fileRef = 1AA53F5B2B51A932006219B4 /* ProbaPro-Bold.ttf */; };
		1AA61D352B51D42B008C3E3F /* SearchSelectiveViewController.swift in Sources */ = {isa = PBXBuildFile; fileRef = 1AA61D342B51D42B008C3E3F /* SearchSelectiveViewController.swift */; };
		1AA61D372B51DD8C008C3E3F /* SpecialtyChoiceTableViewCell.swift in Sources */ = {isa = PBXBuildFile; fileRef = 1AA61D362B51DD8C008C3E3F /* SpecialtyChoiceTableViewCell.swift */; };
		1AA61D3D2B51ED9E008C3E3F /* SubjectTableViewCell.swift in Sources */ = {isa = PBXBuildFile; fileRef = 1AA61D3C2B51ED9E008C3E3F /* SubjectTableViewCell.swift */; };
		1AA61D3F2B51F3A2008C3E3F /* LessonViewController.swift in Sources */ = {isa = PBXBuildFile; fileRef = 1AA61D3E2B51F3A2008C3E3F /* LessonViewController.swift */; };
		1AB595DE2B9B3937007EE602 /* SubjectsDataModel.xcdatamodeld in Sources */ = {isa = PBXBuildFile; fileRef = 1AB595DC2B9B3937007EE602 /* SubjectsDataModel.xcdatamodeld */; };
		1AB595E12B9B41A8007EE602 /* FileReader.swift in Sources */ = {isa = PBXBuildFile; fileRef = 1AB595E02B9B41A8007EE602 /* FileReader.swift */; };
		1AB595E32B9B4811007EE602 /* CoreDataProcessor.swift in Sources */ = {isa = PBXBuildFile; fileRef = 1AB595E22B9B4811007EE602 /* CoreDataProcessor.swift */; };
		1AB9D2CD2BCBFB31005480D4 /* Const.swift in Sources */ = {isa = PBXBuildFile; fileRef = 1AB9D2CC2BCBFB31005480D4 /* Const.swift */; };
		1AC775C02B51C7A60028CEC7 /* ProfessionalTableViewController.swift in Sources */ = {isa = PBXBuildFile; fileRef = 1AC775BF2B51C7A60028CEC7 /* ProfessionalTableViewController.swift */; };
/* End PBXBuildFile section */

/* Begin PBXFileReference section */
		1A094B292B4E024200D8E544 /* KMAScheduler.app */ = {isa = PBXFileReference; explicitFileType = wrapper.application; includeInIndex = 0; path = KMAScheduler.app; sourceTree = BUILT_PRODUCTS_DIR; };
		1A094B2C2B4E024200D8E544 /* AppDelegate.swift */ = {isa = PBXFileReference; lastKnownFileType = sourcecode.swift; path = AppDelegate.swift; sourceTree = "<group>"; };
		1A094B2E2B4E024200D8E544 /* SceneDelegate.swift */ = {isa = PBXFileReference; lastKnownFileType = sourcecode.swift; path = SceneDelegate.swift; sourceTree = "<group>"; };
		1A094B302B4E024200D8E544 /* ScheduleViewController.swift */ = {isa = PBXFileReference; lastKnownFileType = sourcecode.swift; path = ScheduleViewController.swift; sourceTree = "<group>"; };
		1A094B352B4E024400D8E544 /* Assets.xcassets */ = {isa = PBXFileReference; lastKnownFileType = folder.assetcatalog; path = Assets.xcassets; sourceTree = "<group>"; };
		1A094B382B4E024400D8E544 /* Base */ = {isa = PBXFileReference; lastKnownFileType = file.storyboard; name = Base; path = Base.lproj/LaunchScreen.storyboard; sourceTree = "<group>"; };
		1A094B3A2B4E024400D8E544 /* Info.plist */ = {isa = PBXFileReference; lastKnownFileType = text.plist.xml; path = Info.plist; sourceTree = "<group>"; };
		1A094B422B4F460400D8E544 /* TabBarViewController.swift */ = {isa = PBXFileReference; lastKnownFileType = sourcecode.swift; path = TabBarViewController.swift; sourceTree = "<group>"; };
		1A094B472B4F504900D8E544 /* SettingsTableViewController.swift */ = {isa = PBXFileReference; lastKnownFileType = sourcecode.swift; path = SettingsTableViewController.swift; sourceTree = "<group>"; };
		1A094B4E2B4F57EF00D8E544 /* SpecialtyTableViewCell.swift */ = {isa = PBXFileReference; lastKnownFileType = sourcecode.swift; path = SpecialtyTableViewCell.swift; sourceTree = "<group>"; };
		1A094B502B4F598400D8E544 /* SelectiveTableViewCell.swift */ = {isa = PBXFileReference; lastKnownFileType = sourcecode.swift; path = SelectiveTableViewCell.swift; sourceTree = "<group>"; };
		1A094B522B50611A00D8E544 /* SpecialtyViewController.swift */ = {isa = PBXFileReference; lastKnownFileType = sourcecode.swift; path = SpecialtyViewController.swift; sourceTree = "<group>"; };
		1A1429592BC83DCF00963CA9 /* schedule.json */ = {isa = PBXFileReference; fileEncoding = 4; lastKnownFileType = text.json; path = schedule.json; sourceTree = "<group>"; };
		1A14295B2BC8400700963CA9 /* LessonModel.swift */ = {isa = PBXFileReference; lastKnownFileType = sourcecode.swift; path = LessonModel.swift; sourceTree = "<group>"; };
		1A58BE3C2B5192C5009B6540 /* NormativeGroupTableViewCell.swift */ = {isa = PBXFileReference; lastKnownFileType = sourcecode.swift; path = NormativeGroupTableViewCell.swift; sourceTree = "<group>"; };
		1A58F34E2B50A72900F9C85F /* NormativeTableViewCell.swift */ = {isa = PBXFileReference; lastKnownFileType = sourcecode.swift; path = NormativeTableViewCell.swift; sourceTree = "<group>"; };
		1A58F3502B50A7B300F9C85F /* NormativeTableViewController.swift */ = {isa = PBXFileReference; lastKnownFileType = sourcecode.swift; path = NormativeTableViewController.swift; sourceTree = "<group>"; };
		1A58F3522B50A90300F9C85F /* CurrentSpecialtyViewController.swift */ = {isa = PBXFileReference; lastKnownFileType = sourcecode.swift; path = CurrentSpecialtyViewController.swift; sourceTree = "<group>"; };
		1A69D3DF2BA3A0A300E548F6 /* subjects.json */ = {isa = PBXFileReference; fileEncoding = 4; lastKnownFileType = text.json; name = subjects.json; path = ../../prolog/subjects.json; sourceTree = "<group>"; };
		1A69D3E12BA5C9FE00E548F6 /* SubjectModel.swift */ = {isa = PBXFileReference; lastKnownFileType = sourcecode.swift; path = SubjectModel.swift; sourceTree = "<group>"; };
		1A69D3E32BA6E8DC00E548F6 /* ProfessionalTableViewCell.swift */ = {isa = PBXFileReference; lastKnownFileType = sourcecode.swift; path = ProfessionalTableViewCell.swift; sourceTree = "<group>"; };
		1A69D3E52BA6E99400E548F6 /* SelectionTableViewController.swift */ = {isa = PBXFileReference; lastKnownFileType = sourcecode.swift; path = SelectionTableViewController.swift; sourceTree = "<group>"; };
		1A69D3E72BA7152000E548F6 /* ProfessionalViewController.swift */ = {isa = PBXFileReference; lastKnownFileType = sourcecode.swift; path = ProfessionalViewController.swift; sourceTree = "<group>"; };
		1A69D3E92BA7454F00E548F6 /* SelectionViewController.swift */ = {isa = PBXFileReference; lastKnownFileType = sourcecode.swift; path = SelectionViewController.swift; sourceTree = "<group>"; };
		1A918F4F2BA8780500EEFE5D /* UIColorExtension.swift */ = {isa = PBXFileReference; lastKnownFileType = sourcecode.swift; path = UIColorExtension.swift; sourceTree = "<group>"; };
		1AA53F5A2B51A932006219B4 /* ProbaPro-Medium.ttf */ = {isa = PBXFileReference; lastKnownFileType = file; path = "ProbaPro-Medium.ttf"; sourceTree = "<group>"; };
		1AA53F5B2B51A932006219B4 /* ProbaPro-Bold.ttf */ = {isa = PBXFileReference; lastKnownFileType = file; path = "ProbaPro-Bold.ttf"; sourceTree = "<group>"; };
		1AA61D342B51D42B008C3E3F /* SearchSelectiveViewController.swift */ = {isa = PBXFileReference; lastKnownFileType = sourcecode.swift; path = SearchSelectiveViewController.swift; sourceTree = "<group>"; };
		1AA61D362B51DD8C008C3E3F /* SpecialtyChoiceTableViewCell.swift */ = {isa = PBXFileReference; lastKnownFileType = sourcecode.swift; path = SpecialtyChoiceTableViewCell.swift; sourceTree = "<group>"; };
		1AA61D3C2B51ED9E008C3E3F /* SubjectTableViewCell.swift */ = {isa = PBXFileReference; lastKnownFileType = sourcecode.swift; path = SubjectTableViewCell.swift; sourceTree = "<group>"; };
		1AA61D3E2B51F3A2008C3E3F /* LessonViewController.swift */ = {isa = PBXFileReference; lastKnownFileType = sourcecode.swift; path = LessonViewController.swift; sourceTree = "<group>"; };
		1AB595DD2B9B3937007EE602 /* SubjectsDataModel.xcdatamodel */ = {isa = PBXFileReference; lastKnownFileType = wrapper.xcdatamodel; path = SubjectsDataModel.xcdatamodel; sourceTree = "<group>"; };
		1AB595E02B9B41A8007EE602 /* FileReader.swift */ = {isa = PBXFileReference; lastKnownFileType = sourcecode.swift; path = FileReader.swift; sourceTree = "<group>"; };
		1AB595E22B9B4811007EE602 /* CoreDataProcessor.swift */ = {isa = PBXFileReference; lastKnownFileType = sourcecode.swift; path = CoreDataProcessor.swift; sourceTree = "<group>"; };
		1AB9D2CC2BCBFB31005480D4 /* Const.swift */ = {isa = PBXFileReference; lastKnownFileType = sourcecode.swift; path = Const.swift; sourceTree = "<group>"; };
		1AC775BF2B51C7A60028CEC7 /* ProfessionalTableViewController.swift */ = {isa = PBXFileReference; lastKnownFileType = sourcecode.swift; path = ProfessionalTableViewController.swift; sourceTree = "<group>"; };
/* End PBXFileReference section */

/* Begin PBXFrameworksBuildPhase section */
		1A094B262B4E024200D8E544 /* Frameworks */ = {
			isa = PBXFrameworksBuildPhase;
			buildActionMask = 2147483647;
			files = (
			);
			runOnlyForDeploymentPostprocessing = 0;
		};
/* End PBXFrameworksBuildPhase section */

/* Begin PBXGroup section */
		1A094B202B4E024200D8E544 = {
			isa = PBXGroup;
			children = (
				1A094B2B2B4E024200D8E544 /* KMAScheduler */,
				1A094B2A2B4E024200D8E544 /* Products */,
			);
			sourceTree = "<group>";
		};
		1A094B2A2B4E024200D8E544 /* Products */ = {
			isa = PBXGroup;
			children = (
				1A094B292B4E024200D8E544 /* KMAScheduler.app */,
			);
			name = Products;
			sourceTree = "<group>";
		};
		1A094B2B2B4E024200D8E544 /* KMAScheduler */ = {
			isa = PBXGroup;
			children = (
				1A918F4E2BA877F000EEFE5D /* Additional */,
				1AA53F5A2B51A932006219B4 /* ProbaPro-Medium.ttf */,
				1AA53F5B2B51A932006219B4 /* ProbaPro-Bold.ttf */,
				1A1429592BC83DCF00963CA9 /* schedule.json */,
				1A69D3DF2BA3A0A300E548F6 /* subjects.json */,
				1AE460722BA32A39006D2B07 /* Model */,
				1AB595DF2B9B418E007EE602 /* Services */,
				1A094B442B4F4D9600D8E544 /* Controllers */,
				1A094B462B4F4DC900D8E544 /* Views */,
				1A094B3A2B4E024400D8E544 /* Info.plist */,
				1A094B352B4E024400D8E544 /* Assets.xcassets */,
				1A094B372B4E024400D8E544 /* LaunchScreen.storyboard */,
				1A094B2C2B4E024200D8E544 /* AppDelegate.swift */,
				1A094B2E2B4E024200D8E544 /* SceneDelegate.swift */,
				1AB595DC2B9B3937007EE602 /* SubjectsDataModel.xcdatamodeld */,
			);
			path = KMAScheduler;
			sourceTree = "<group>";
		};
		1A094B442B4F4D9600D8E544 /* Controllers */ = {
			isa = PBXGroup;
			children = (
				1A094B422B4F460400D8E544 /* TabBarViewController.swift */,
				1A094B302B4E024200D8E544 /* ScheduleViewController.swift */,
				1AA61D3E2B51F3A2008C3E3F /* LessonViewController.swift */,
				1A094B472B4F504900D8E544 /* SettingsTableViewController.swift */,
				1A094B4E2B4F57EF00D8E544 /* SpecialtyTableViewCell.swift */,
				1A58F34E2B50A72900F9C85F /* NormativeTableViewCell.swift */,
				1A69D3E32BA6E8DC00E548F6 /* ProfessionalTableViewCell.swift */,
				1A094B502B4F598400D8E544 /* SelectiveTableViewCell.swift */,
				1A58F3522B50A90300F9C85F /* CurrentSpecialtyViewController.swift */,
				1A094B522B50611A00D8E544 /* SpecialtyViewController.swift */,
				1AA61D362B51DD8C008C3E3F /* SpecialtyChoiceTableViewCell.swift */,
				1A58F3502B50A7B300F9C85F /* NormativeTableViewController.swift */,
				1A58BE3C2B5192C5009B6540 /* NormativeGroupTableViewCell.swift */,
				1AC775BF2B51C7A60028CEC7 /* ProfessionalTableViewController.swift */,
				1A69D3E72BA7152000E548F6 /* ProfessionalViewController.swift */,
				1A69D3E52BA6E99400E548F6 /* SelectionTableViewController.swift */,
				1A69D3E92BA7454F00E548F6 /* SelectionViewController.swift */,
				1AA61D342B51D42B008C3E3F /* SearchSelectiveViewController.swift */,
			);
			path = Controllers;
			sourceTree = "<group>";
		};
		1A094B462B4F4DC900D8E544 /* Views */ = {
			isa = PBXGroup;
			children = (
				1AA61D3C2B51ED9E008C3E3F /* SubjectTableViewCell.swift */,
			);
			path = Views;
			sourceTree = "<group>";
		};
		1A918F4E2BA877F000EEFE5D /* Additional */ = {
			isa = PBXGroup;
			children = (
				1A918F4F2BA8780500EEFE5D /* UIColorExtension.swift */,
				1AB9D2CC2BCBFB31005480D4 /* Const.swift */,
			);
			path = Additional;
			sourceTree = "<group>";
		};
		1AB595DF2B9B418E007EE602 /* Services */ = {
			isa = PBXGroup;
			children = (
				1AB595E02B9B41A8007EE602 /* FileReader.swift */,
				1AB595E22B9B4811007EE602 /* CoreDataProcessor.swift */,
			);
			path = Services;
			sourceTree = "<group>";
		};
		1AE460722BA32A39006D2B07 /* Model */ = {
			isa = PBXGroup;
			children = (
				1A69D3E12BA5C9FE00E548F6 /* SubjectModel.swift */,
				1A14295B2BC8400700963CA9 /* LessonModel.swift */,
			);
			path = Model;
			sourceTree = "<group>";
		};
/* End PBXGroup section */

/* Begin PBXNativeTarget section */
		1A094B282B4E024200D8E544 /* KMAScheduler */ = {
			isa = PBXNativeTarget;
			buildConfigurationList = 1A094B3D2B4E024400D8E544 /* Build configuration list for PBXNativeTarget "KMAScheduler" */;
			buildPhases = (
				1A094B252B4E024200D8E544 /* Sources */,
				1A094B262B4E024200D8E544 /* Frameworks */,
				1A094B272B4E024200D8E544 /* Resources */,
			);
			buildRules = (
			);
			dependencies = (
			);
			name = KMAScheduler;
			productName = KMAScheduler;
			productReference = 1A094B292B4E024200D8E544 /* KMAScheduler.app */;
			productType = "com.apple.product-type.application";
		};
/* End PBXNativeTarget section */

/* Begin PBXProject section */
		1A094B212B4E024200D8E544 /* Project object */ = {
			isa = PBXProject;
			attributes = {
				BuildIndependentTargetsInParallel = 1;
				LastSwiftUpdateCheck = 1500;
				LastUpgradeCheck = 1500;
				TargetAttributes = {
					1A094B282B4E024200D8E544 = {
						CreatedOnToolsVersion = 15.0;
					};
				};
			};
			buildConfigurationList = 1A094B242B4E024200D8E544 /* Build configuration list for PBXProject "KMAScheduler" */;
			compatibilityVersion = "Xcode 14.0";
			developmentRegion = en;
			hasScannedForEncodings = 0;
			knownRegions = (
				en,
				Base,
			);
			mainGroup = 1A094B202B4E024200D8E544;
			productRefGroup = 1A094B2A2B4E024200D8E544 /* Products */;
			projectDirPath = "";
			projectRoot = "";
			targets = (
				1A094B282B4E024200D8E544 /* KMAScheduler */,
			);
		};
/* End PBXProject section */

/* Begin PBXResourcesBuildPhase section */
		1A094B272B4E024200D8E544 /* Resources */ = {
			isa = PBXResourcesBuildPhase;
			buildActionMask = 2147483647;
			files = (
				1A094B392B4E024400D8E544 /* LaunchScreen.storyboard in Resources */,
				1AA53F5D2B51A932006219B4 /* ProbaPro-Bold.ttf in Resources */,
				1A094B362B4E024400D8E544 /* Assets.xcassets in Resources */,
				1AA53F5C2B51A932006219B4 /* ProbaPro-Medium.ttf in Resources */,
				1A14295A2BC83DCF00963CA9 /* schedule.json in Resources */,
				1A69D3E02BA3A0A300E548F6 /* subjects.json in Resources */,
			);
			runOnlyForDeploymentPostprocessing = 0;
		};
/* End PBXResourcesBuildPhase section */

/* Begin PBXSourcesBuildPhase section */
		1A094B252B4E024200D8E544 /* Sources */ = {
			isa = PBXSourcesBuildPhase;
			buildActionMask = 2147483647;
			files = (
				1A094B4F2B4F57EF00D8E544 /* SpecialtyTableViewCell.swift in Sources */,
				1AA61D352B51D42B008C3E3F /* SearchSelectiveViewController.swift in Sources */,
				1A58F3512B50A7B300F9C85F /* NormativeTableViewController.swift in Sources */,
				1A58F3532B50A90300F9C85F /* CurrentSpecialtyViewController.swift in Sources */,
				1A69D3E82BA7152000E548F6 /* ProfessionalViewController.swift in Sources */,
				1A69D3E42BA6E8DC00E548F6 /* ProfessionalTableViewCell.swift in Sources */,
				1A094B312B4E024200D8E544 /* ScheduleViewController.swift in Sources */,
				1A69D3E62BA6E99400E548F6 /* SelectionTableViewController.swift in Sources */,
				1A094B2D2B4E024200D8E544 /* AppDelegate.swift in Sources */,
				1A094B482B4F504900D8E544 /* SettingsTableViewController.swift in Sources */,
				1A58F34F2B50A72900F9C85F /* NormativeTableViewCell.swift in Sources */,
				1A69D3EA2BA7454F00E548F6 /* SelectionViewController.swift in Sources */,
				1AB595E12B9B41A8007EE602 /* FileReader.swift in Sources */,
				1A094B2F2B4E024200D8E544 /* SceneDelegate.swift in Sources */,
				1AA61D3D2B51ED9E008C3E3F /* SubjectTableViewCell.swift in Sources */,
				1A14295C2BC8400700963CA9 /* LessonModel.swift in Sources */,
				1A094B432B4F460400D8E544 /* TabBarViewController.swift in Sources */,
				1A69D3E22BA5C9FE00E548F6 /* SubjectModel.swift in Sources */,
				1AB595DE2B9B3937007EE602 /* SubjectsDataModel.xcdatamodeld in Sources */,
				1A094B512B4F598400D8E544 /* SelectiveTableViewCell.swift in Sources */,
				1A094B532B50611A00D8E544 /* SpecialtyViewController.swift in Sources */,
				1A918F502BA8780500EEFE5D /* UIColorExtension.swift in Sources */,
				1AA61D372B51DD8C008C3E3F /* SpecialtyChoiceTableViewCell.swift in Sources */,
				1AC775C02B51C7A60028CEC7 /* ProfessionalTableViewController.swift in Sources */,
				1AB595E32B9B4811007EE602 /* CoreDataProcessor.swift in Sources */,
				1AA61D3F2B51F3A2008C3E3F /* LessonViewController.swift in Sources */,
				1AB9D2CD2BCBFB31005480D4 /* Const.swift in Sources */,
				1A58BE3D2B5192C5009B6540 /* NormativeGroupTableViewCell.swift in Sources */,
			);
			runOnlyForDeploymentPostprocessing = 0;
		};
/* End PBXSourcesBuildPhase section */

/* Begin PBXVariantGroup section */
		1A094B372B4E024400D8E544 /* LaunchScreen.storyboard */ = {
			isa = PBXVariantGroup;
			children = (
				1A094B382B4E024400D8E544 /* Base */,
			);
			name = LaunchScreen.storyboard;
			sourceTree = "<group>";
		};
/* End PBXVariantGroup section */

/* Begin XCBuildConfiguration section */
		1A094B3B2B4E024400D8E544 /* Debug */ = {
			isa = XCBuildConfiguration;
			buildSettings = {
				ALWAYS_SEARCH_USER_PATHS = NO;
				ASSETCATALOG_COMPILER_GENERATE_SWIFT_ASSET_SYMBOL_EXTENSIONS = YES;
				CLANG_ANALYZER_NONNULL = YES;
				CLANG_ANALYZER_NUMBER_OBJECT_CONVERSION = YES_AGGRESSIVE;
				CLANG_CXX_LANGUAGE_STANDARD = "gnu++20";
				CLANG_ENABLE_MODULES = YES;
				CLANG_ENABLE_OBJC_ARC = YES;
				CLANG_ENABLE_OBJC_WEAK = YES;
				CLANG_WARN_BLOCK_CAPTURE_AUTORELEASING = YES;
				CLANG_WARN_BOOL_CONVERSION = YES;
				CLANG_WARN_COMMA = YES;
				CLANG_WARN_CONSTANT_CONVERSION = YES;
				CLANG_WARN_DEPRECATED_OBJC_IMPLEMENTATIONS = YES;
				CLANG_WARN_DIRECT_OBJC_ISA_USAGE = YES_ERROR;
				CLANG_WARN_DOCUMENTATION_COMMENTS = YES;
				CLANG_WARN_EMPTY_BODY = YES;
				CLANG_WARN_ENUM_CONVERSION = YES;
				CLANG_WARN_INFINITE_RECURSION = YES;
				CLANG_WARN_INT_CONVERSION = YES;
				CLANG_WARN_NON_LITERAL_NULL_CONVERSION = YES;
				CLANG_WARN_OBJC_IMPLICIT_RETAIN_SELF = YES;
				CLANG_WARN_OBJC_LITERAL_CONVERSION = YES;
				CLANG_WARN_OBJC_ROOT_CLASS = YES_ERROR;
				CLANG_WARN_QUOTED_INCLUDE_IN_FRAMEWORK_HEADER = YES;
				CLANG_WARN_RANGE_LOOP_ANALYSIS = YES;
				CLANG_WARN_STRICT_PROTOTYPES = YES;
				CLANG_WARN_SUSPICIOUS_MOVE = YES;
				CLANG_WARN_UNGUARDED_AVAILABILITY = YES_AGGRESSIVE;
				CLANG_WARN_UNREACHABLE_CODE = YES;
				CLANG_WARN__DUPLICATE_METHOD_MATCH = YES;
				COPY_PHASE_STRIP = NO;
				DEBUG_INFORMATION_FORMAT = dwarf;
				ENABLE_STRICT_OBJC_MSGSEND = YES;
				ENABLE_TESTABILITY = YES;
				ENABLE_USER_SCRIPT_SANDBOXING = YES;
				GCC_C_LANGUAGE_STANDARD = gnu17;
				GCC_DYNAMIC_NO_PIC = NO;
				GCC_NO_COMMON_BLOCKS = YES;
				GCC_OPTIMIZATION_LEVEL = 0;
				GCC_PREPROCESSOR_DEFINITIONS = (
					"DEBUG=1",
					"$(inherited)",
				);
				GCC_WARN_64_TO_32_BIT_CONVERSION = YES;
				GCC_WARN_ABOUT_RETURN_TYPE = YES_ERROR;
				GCC_WARN_UNDECLARED_SELECTOR = YES;
				GCC_WARN_UNINITIALIZED_AUTOS = YES_AGGRESSIVE;
				GCC_WARN_UNUSED_FUNCTION = YES;
				GCC_WARN_UNUSED_VARIABLE = YES;
				IPHONEOS_DEPLOYMENT_TARGET = 17.0;
				LOCALIZATION_PREFERS_STRING_CATALOGS = YES;
				MTL_ENABLE_DEBUG_INFO = INCLUDE_SOURCE;
				MTL_FAST_MATH = YES;
				ONLY_ACTIVE_ARCH = YES;
				SDKROOT = iphoneos;
				SWIFT_ACTIVE_COMPILATION_CONDITIONS = "DEBUG $(inherited)";
				SWIFT_OPTIMIZATION_LEVEL = "-Onone";
			};
			name = Debug;
		};
		1A094B3C2B4E024400D8E544 /* Release */ = {
			isa = XCBuildConfiguration;
			buildSettings = {
				ALWAYS_SEARCH_USER_PATHS = NO;
				ASSETCATALOG_COMPILER_GENERATE_SWIFT_ASSET_SYMBOL_EXTENSIONS = YES;
				CLANG_ANALYZER_NONNULL = YES;
				CLANG_ANALYZER_NUMBER_OBJECT_CONVERSION = YES_AGGRESSIVE;
				CLANG_CXX_LANGUAGE_STANDARD = "gnu++20";
				CLANG_ENABLE_MODULES = YES;
				CLANG_ENABLE_OBJC_ARC = YES;
				CLANG_ENABLE_OBJC_WEAK = YES;
				CLANG_WARN_BLOCK_CAPTURE_AUTORELEASING = YES;
				CLANG_WARN_BOOL_CONVERSION = YES;
				CLANG_WARN_COMMA = YES;
				CLANG_WARN_CONSTANT_CONVERSION = YES;
				CLANG_WARN_DEPRECATED_OBJC_IMPLEMENTATIONS = YES;
				CLANG_WARN_DIRECT_OBJC_ISA_USAGE = YES_ERROR;
				CLANG_WARN_DOCUMENTATION_COMMENTS = YES;
				CLANG_WARN_EMPTY_BODY = YES;
				CLANG_WARN_ENUM_CONVERSION = YES;
				CLANG_WARN_INFINITE_RECURSION = YES;
				CLANG_WARN_INT_CONVERSION = YES;
				CLANG_WARN_NON_LITERAL_NULL_CONVERSION = YES;
				CLANG_WARN_OBJC_IMPLICIT_RETAIN_SELF = YES;
				CLANG_WARN_OBJC_LITERAL_CONVERSION = YES;
				CLANG_WARN_OBJC_ROOT_CLASS = YES_ERROR;
				CLANG_WARN_QUOTED_INCLUDE_IN_FRAMEWORK_HEADER = YES;
				CLANG_WARN_RANGE_LOOP_ANALYSIS = YES;
				CLANG_WARN_STRICT_PROTOTYPES = YES;
				CLANG_WARN_SUSPICIOUS_MOVE = YES;
				CLANG_WARN_UNGUARDED_AVAILABILITY = YES_AGGRESSIVE;
				CLANG_WARN_UNREACHABLE_CODE = YES;
				CLANG_WARN__DUPLICATE_METHOD_MATCH = YES;
				COPY_PHASE_STRIP = NO;
				DEBUG_INFORMATION_FORMAT = "dwarf-with-dsym";
				ENABLE_NS_ASSERTIONS = NO;
				ENABLE_STRICT_OBJC_MSGSEND = YES;
				ENABLE_USER_SCRIPT_SANDBOXING = YES;
				GCC_C_LANGUAGE_STANDARD = gnu17;
				GCC_NO_COMMON_BLOCKS = YES;
				GCC_WARN_64_TO_32_BIT_CONVERSION = YES;
				GCC_WARN_ABOUT_RETURN_TYPE = YES_ERROR;
				GCC_WARN_UNDECLARED_SELECTOR = YES;
				GCC_WARN_UNINITIALIZED_AUTOS = YES_AGGRESSIVE;
				GCC_WARN_UNUSED_FUNCTION = YES;
				GCC_WARN_UNUSED_VARIABLE = YES;
				IPHONEOS_DEPLOYMENT_TARGET = 17.0;
				LOCALIZATION_PREFERS_STRING_CATALOGS = YES;
				MTL_ENABLE_DEBUG_INFO = NO;
				MTL_FAST_MATH = YES;
				SDKROOT = iphoneos;
				SWIFT_COMPILATION_MODE = wholemodule;
				VALIDATE_PRODUCT = YES;
			};
			name = Release;
		};
		1A094B3E2B4E024400D8E544 /* Debug */ = {
			isa = XCBuildConfiguration;
			buildSettings = {
				ASSETCATALOG_COMPILER_APPICON_NAME = AppIcon;
				ASSETCATALOG_COMPILER_GLOBAL_ACCENT_COLOR_NAME = AccentColor;
				CODE_SIGN_STYLE = Automatic;
				CURRENT_PROJECT_VERSION = 1;
				DEVELOPMENT_TEAM = 999A46UAZB;
				GENERATE_INFOPLIST_FILE = YES;
				INFOPLIST_FILE = KMAScheduler/Info.plist;
				INFOPLIST_KEY_UIApplicationSupportsIndirectInputEvents = YES;
				INFOPLIST_KEY_UILaunchStoryboardName = LaunchScreen;
				INFOPLIST_KEY_UISupportedInterfaceOrientations_iPad = "UIInterfaceOrientationPortrait UIInterfaceOrientationPortraitUpsideDown UIInterfaceOrientationLandscapeLeft UIInterfaceOrientationLandscapeRight";
				INFOPLIST_KEY_UISupportedInterfaceOrientations_iPhone = "UIInterfaceOrientationPortrait UIInterfaceOrientationLandscapeLeft UIInterfaceOrientationLandscapeRight";
				IPHONEOS_DEPLOYMENT_TARGET = 16.5;
				LD_RUNPATH_SEARCH_PATHS = (
					"$(inherited)",
					"@executable_path/Frameworks",
				);
				MARKETING_VERSION = 1.0;
				PRODUCT_BUNDLE_IDENTIFIER = nhrysiuk.KMAScheduler;
				PRODUCT_NAME = "$(TARGET_NAME)";
				SWIFT_EMIT_LOC_STRINGS = YES;
				SWIFT_VERSION = 5.0;
				TARGETED_DEVICE_FAMILY = "1,2";
			};
			name = Debug;
		};
		1A094B3F2B4E024400D8E544 /* Release */ = {
			isa = XCBuildConfiguration;
			buildSettings = {
				ASSETCATALOG_COMPILER_APPICON_NAME = AppIcon;
				ASSETCATALOG_COMPILER_GLOBAL_ACCENT_COLOR_NAME = AccentColor;
				CODE_SIGN_STYLE = Automatic;
				CURRENT_PROJECT_VERSION = 1;
				DEVELOPMENT_TEAM = 999A46UAZB;
				GENERATE_INFOPLIST_FILE = YES;
				INFOPLIST_FILE = KMAScheduler/Info.plist;
				INFOPLIST_KEY_UIApplicationSupportsIndirectInputEvents = YES;
				INFOPLIST_KEY_UILaunchStoryboardName = LaunchScreen;
				INFOPLIST_KEY_UISupportedInterfaceOrientations_iPad = "UIInterfaceOrientationPortrait UIInterfaceOrientationPortraitUpsideDown UIInterfaceOrientationLandscapeLeft UIInterfaceOrientationLandscapeRight";
				INFOPLIST_KEY_UISupportedInterfaceOrientations_iPhone = "UIInterfaceOrientationPortrait UIInterfaceOrientationLandscapeLeft UIInterfaceOrientationLandscapeRight";
				IPHONEOS_DEPLOYMENT_TARGET = 16.5;
				LD_RUNPATH_SEARCH_PATHS = (
					"$(inherited)",
					"@executable_path/Frameworks",
				);
				MARKETING_VERSION = 1.0;
				PRODUCT_BUNDLE_IDENTIFIER = nhrysiuk.KMAScheduler;
				PRODUCT_NAME = "$(TARGET_NAME)";
				SWIFT_EMIT_LOC_STRINGS = YES;
				SWIFT_VERSION = 5.0;
				TARGETED_DEVICE_FAMILY = "1,2";
			};
			name = Release;
		};
/* End XCBuildConfiguration section */

/* Begin XCConfigurationList section */
		1A094B242B4E024200D8E544 /* Build configuration list for PBXProject "KMAScheduler" */ = {
			isa = XCConfigurationList;
			buildConfigurations = (
				1A094B3B2B4E024400D8E544 /* Debug */,
				1A094B3C2B4E024400D8E544 /* Release */,
			);
			defaultConfigurationIsVisible = 0;
			defaultConfigurationName = Release;
		};
		1A094B3D2B4E024400D8E544 /* Build configuration list for PBXNativeTarget "KMAScheduler" */ = {
			isa = XCConfigurationList;
			buildConfigurations = (
				1A094B3E2B4E024400D8E544 /* Debug */,
				1A094B3F2B4E024400D8E544 /* Release */,
			);
			defaultConfigurationIsVisible = 0;
			defaultConfigurationName = Release;
		};
/* End XCConfigurationList section */

/* Begin XCVersionGroup section */
		1AB595DC2B9B3937007EE602 /* SubjectsDataModel.xcdatamodeld */ = {
			isa = XCVersionGroup;
			children = (
				1AB595DD2B9B3937007EE602 /* SubjectsDataModel.xcdatamodel */,
			);
			currentVersion = 1AB595DD2B9B3937007EE602 /* SubjectsDataModel.xcdatamodel */;
			path = SubjectsDataModel.xcdatamodeld;
			sourceTree = "<group>";
			versionGroupType = wrapper.xcdatamodel;
		};
/* End XCVersionGroup section */
	};
	rootObject = 1A094B212B4E024200D8E544 /* Project object */;
}
